// !$*UTF8*$!
{
	archiveVersion = 1;
	classes = {
	};
	objectVersion = 46;
	objects = {

/* Begin PBXBuildFile section */
		234ABB021BE8290200FE196F /* main.m in Sources */ = {isa = PBXBuildFile; fileRef = 234ABB011BE8290200FE196F /* main.m */; };
		234ABB051BE8290200FE196F /* AppDelegate.m in Sources */ = {isa = PBXBuildFile; fileRef = 234ABB041BE8290200FE196F /* AppDelegate.m */; };
		234ABB081BE8290200FE196F /* ViewController.m in Sources */ = {isa = PBXBuildFile; fileRef = 234ABB071BE8290200FE196F /* ViewController.m */; };
		234ABB0B1BE8290200FE196F /* Main.storyboard in Resources */ = {isa = PBXBuildFile; fileRef = 234ABB091BE8290200FE196F /* Main.storyboard */; };
		234ABB0E1BE8290200FE196F /* PitchPlease.xcdatamodeld in Sources */ = {isa = PBXBuildFile; fileRef = 234ABB0C1BE8290200FE196F /* PitchPlease.xcdatamodeld */; };
		234ABB131BE8290200FE196F /* LaunchScreen.storyboard in Resources */ = {isa = PBXBuildFile; fileRef = 234ABB111BE8290200FE196F /* LaunchScreen.storyboard */; };
		234ABB1E1BE8290200FE196F /* PitchPleaseTests.m in Sources */ = {isa = PBXBuildFile; fileRef = 234ABB1D1BE8290200FE196F /* PitchPleaseTests.m */; };
		234ABB291BE8290200FE196F /* PitchPleaseUITests.m in Sources */ = {isa = PBXBuildFile; fileRef = 234ABB281BE8290200FE196F /* PitchPleaseUITests.m */; };
		234ABB381BE829E000FE196F /* SystemConfiguration.framework in Frameworks */ = {isa = PBXBuildFile; fileRef = 234ABB371BE829E000FE196F /* SystemConfiguration.framework */; };
		234ABB3A1BE829E800FE196F /* AVFoundation.framework in Frameworks */ = {isa = PBXBuildFile; fileRef = 234ABB391BE829E800FE196F /* AVFoundation.framework */; };
		234ABB3C1BE82A0B00FE196F /* Spotify.framework in Frameworks */ = {isa = PBXBuildFile; fileRef = 234ABB3B1BE82A0B00FE196F /* Spotify.framework */; settings = {ASSET_TAGS = (); }; };
		234ABB3F1BE848B700FE196F /* SpotifyCollectionViewCell.m in Sources */ = {isa = PBXBuildFile; fileRef = 234ABB3E1BE848B700FE196F /* SpotifyCollectionViewCell.m */; settings = {ASSET_TAGS = (); }; };
		234ABB421BE848E200FE196F /* SearchViewController.m in Sources */ = {isa = PBXBuildFile; fileRef = 234ABB411BE848E200FE196F /* SearchViewController.m */; settings = {ASSET_TAGS = (); }; };
		234ABB451BE848FA00FE196F /* PitchTableViewCell.m in Sources */ = {isa = PBXBuildFile; fileRef = 234ABB441BE848FA00FE196F /* PitchTableViewCell.m */; settings = {ASSET_TAGS = (); }; };
		234ABB481BE8490400FE196F /* SearchTableViewCell.m in Sources */ = {isa = PBXBuildFile; fileRef = 234ABB471BE8490400FE196F /* SearchTableViewCell.m */; settings = {ASSET_TAGS = (); }; };
		234ABB4D1BE8497500FE196F /* Pitch.m in Sources */ = {isa = PBXBuildFile; fileRef = 234ABB4C1BE8497500FE196F /* Pitch.m */; settings = {ASSET_TAGS = (); }; };
		234ABB501BE84C8800FE196F /* Assets.xcassets in Resources */ = {isa = PBXBuildFile; fileRef = 234ABB4F1BE84C8800FE196F /* Assets.xcassets */; settings = {ASSET_TAGS = (); }; };
		234ABB531BE9277300FE196F /* PPCarouselCollectionViewLayout.m in Sources */ = {isa = PBXBuildFile; fileRef = 234ABB521BE9277300FE196F /* PPCarouselCollectionViewLayout.m */; settings = {ASSET_TAGS = (); }; };
/* End PBXBuildFile section */

/* Begin PBXContainerItemProxy section */
		234ABB1A1BE8290200FE196F /* PBXContainerItemProxy */ = {
			isa = PBXContainerItemProxy;
			containerPortal = 234ABAF51BE8290200FE196F /* Project object */;
			proxyType = 1;
			remoteGlobalIDString = 234ABAFC1BE8290200FE196F;
			remoteInfo = PitchPlease;
		};
		234ABB251BE8290200FE196F /* PBXContainerItemProxy */ = {
			isa = PBXContainerItemProxy;
			containerPortal = 234ABAF51BE8290200FE196F /* Project object */;
			proxyType = 1;
			remoteGlobalIDString = 234ABAFC1BE8290200FE196F;
			remoteInfo = PitchPlease;
		};
/* End PBXContainerItemProxy section */

/* Begin PBXFileReference section */
		234ABAFD1BE8290200FE196F /* PitchPlease.app */ = {isa = PBXFileReference; explicitFileType = wrapper.application; includeInIndex = 0; path = PitchPlease.app; sourceTree = BUILT_PRODUCTS_DIR; };
		234ABB011BE8290200FE196F /* main.m */ = {isa = PBXFileReference; lastKnownFileType = sourcecode.c.objc; path = main.m; sourceTree = "<group>"; };
		234ABB031BE8290200FE196F /* AppDelegate.h */ = {isa = PBXFileReference; lastKnownFileType = sourcecode.c.h; path = AppDelegate.h; sourceTree = "<group>"; };
		234ABB041BE8290200FE196F /* AppDelegate.m */ = {isa = PBXFileReference; lastKnownFileType = sourcecode.c.objc; path = AppDelegate.m; sourceTree = "<group>"; };
		234ABB061BE8290200FE196F /* ViewController.h */ = {isa = PBXFileReference; lastKnownFileType = sourcecode.c.h; path = ViewController.h; sourceTree = "<group>"; };
		234ABB071BE8290200FE196F /* ViewController.m */ = {isa = PBXFileReference; lastKnownFileType = sourcecode.c.objc; path = ViewController.m; sourceTree = "<group>"; };
		234ABB0A1BE8290200FE196F /* Base */ = {isa = PBXFileReference; lastKnownFileType = file.storyboard; name = Base; path = Base.lproj/Main.storyboard; sourceTree = "<group>"; };
		234ABB0D1BE8290200FE196F /* PitchPlease.xcdatamodel */ = {isa = PBXFileReference; lastKnownFileType = wrapper.xcdatamodel; path = PitchPlease.xcdatamodel; sourceTree = "<group>"; };
		234ABB121BE8290200FE196F /* Base */ = {isa = PBXFileReference; lastKnownFileType = file.storyboard; name = Base; path = Base.lproj/LaunchScreen.storyboard; sourceTree = "<group>"; };
		234ABB141BE8290200FE196F /* Info.plist */ = {isa = PBXFileReference; lastKnownFileType = text.plist.xml; path = Info.plist; sourceTree = "<group>"; };
		234ABB191BE8290200FE196F /* PitchPleaseTests.xctest */ = {isa = PBXFileReference; explicitFileType = wrapper.cfbundle; includeInIndex = 0; path = PitchPleaseTests.xctest; sourceTree = BUILT_PRODUCTS_DIR; };
		234ABB1D1BE8290200FE196F /* PitchPleaseTests.m */ = {isa = PBXFileReference; lastKnownFileType = sourcecode.c.objc; path = PitchPleaseTests.m; sourceTree = "<group>"; };
		234ABB1F1BE8290200FE196F /* Info.plist */ = {isa = PBXFileReference; lastKnownFileType = text.plist.xml; path = Info.plist; sourceTree = "<group>"; };
		234ABB241BE8290200FE196F /* PitchPleaseUITests.xctest */ = {isa = PBXFileReference; explicitFileType = wrapper.cfbundle; includeInIndex = 0; path = PitchPleaseUITests.xctest; sourceTree = BUILT_PRODUCTS_DIR; };
		234ABB281BE8290200FE196F /* PitchPleaseUITests.m */ = {isa = PBXFileReference; lastKnownFileType = sourcecode.c.objc; path = PitchPleaseUITests.m; sourceTree = "<group>"; };
		234ABB2A1BE8290200FE196F /* Info.plist */ = {isa = PBXFileReference; lastKnownFileType = text.plist.xml; path = Info.plist; sourceTree = "<group>"; };
		234ABB371BE829E000FE196F /* SystemConfiguration.framework */ = {isa = PBXFileReference; lastKnownFileType = wrapper.framework; name = SystemConfiguration.framework; path = System/Library/Frameworks/SystemConfiguration.framework; sourceTree = SDKROOT; };
		234ABB391BE829E800FE196F /* AVFoundation.framework */ = {isa = PBXFileReference; lastKnownFileType = wrapper.framework; name = AVFoundation.framework; path = System/Library/Frameworks/AVFoundation.framework; sourceTree = SDKROOT; };
		234ABB3B1BE82A0B00FE196F /* Spotify.framework */ = {isa = PBXFileReference; lastKnownFileType = wrapper.framework; path = Spotify.framework; sourceTree = "<group>"; };
		234ABB3D1BE848B700FE196F /* SpotifyCollectionViewCell.h */ = {isa = PBXFileReference; fileEncoding = 4; lastKnownFileType = sourcecode.c.h; path = SpotifyCollectionViewCell.h; sourceTree = "<group>"; };
		234ABB3E1BE848B700FE196F /* SpotifyCollectionViewCell.m */ = {isa = PBXFileReference; fileEncoding = 4; lastKnownFileType = sourcecode.c.objc; path = SpotifyCollectionViewCell.m; sourceTree = "<group>"; };
		234ABB401BE848E200FE196F /* SearchViewController.h */ = {isa = PBXFileReference; fileEncoding = 4; lastKnownFileType = sourcecode.c.h; path = SearchViewController.h; sourceTree = "<group>"; };
		234ABB411BE848E200FE196F /* SearchViewController.m */ = {isa = PBXFileReference; fileEncoding = 4; lastKnownFileType = sourcecode.c.objc; path = SearchViewController.m; sourceTree = "<group>"; };
		234ABB431BE848FA00FE196F /* PitchTableViewCell.h */ = {isa = PBXFileReference; fileEncoding = 4; lastKnownFileType = sourcecode.c.h; path = PitchTableViewCell.h; sourceTree = "<group>"; };
		234ABB441BE848FA00FE196F /* PitchTableViewCell.m */ = {isa = PBXFileReference; fileEncoding = 4; lastKnownFileType = sourcecode.c.objc; path = PitchTableViewCell.m; sourceTree = "<group>"; };
		234ABB461BE8490400FE196F /* SearchTableViewCell.h */ = {isa = PBXFileReference; fileEncoding = 4; lastKnownFileType = sourcecode.c.h; path = SearchTableViewCell.h; sourceTree = "<group>"; };
		234ABB471BE8490400FE196F /* SearchTableViewCell.m */ = {isa = PBXFileReference; fileEncoding = 4; lastKnownFileType = sourcecode.c.objc; path = SearchTableViewCell.m; sourceTree = "<group>"; };
		234ABB4B1BE8497500FE196F /* Pitch.h */ = {isa = PBXFileReference; fileEncoding = 4; lastKnownFileType = sourcecode.c.h; name = Pitch.h; path = ../Pitch.h; sourceTree = "<group>"; };
		234ABB4C1BE8497500FE196F /* Pitch.m */ = {isa = PBXFileReference; fileEncoding = 4; lastKnownFileType = sourcecode.c.objc; name = Pitch.m; path = ../Pitch.m; sourceTree = "<group>"; };
		234ABB4F1BE84C8800FE196F /* Assets.xcassets */ = {isa = PBXFileReference; lastKnownFileType = folder.assetcatalog; path = Assets.xcassets; sourceTree = "<group>"; };
		234ABB511BE9277300FE196F /* PPCarouselCollectionViewLayout.h */ = {isa = PBXFileReference; fileEncoding = 4; lastKnownFileType = sourcecode.c.h; path = PPCarouselCollectionViewLayout.h; sourceTree = "<group>"; };
		234ABB521BE9277300FE196F /* PPCarouselCollectionViewLayout.m */ = {isa = PBXFileReference; fileEncoding = 4; lastKnownFileType = sourcecode.c.objc; path = PPCarouselCollectionViewLayout.m; sourceTree = "<group>"; };
/* End PBXFileReference section */

/* Begin PBXFrameworksBuildPhase section */
		234ABAFA1BE8290200FE196F /* Frameworks */ = {
			isa = PBXFrameworksBuildPhase;
			buildActionMask = 2147483647;
			files = (
				234ABB3A1BE829E800FE196F /* AVFoundation.framework in Frameworks */,
				234ABB3C1BE82A0B00FE196F /* Spotify.framework in Frameworks */,
				234ABB381BE829E000FE196F /* SystemConfiguration.framework in Frameworks */,
			);
			runOnlyForDeploymentPostprocessing = 0;
		};
		234ABB161BE8290200FE196F /* Frameworks */ = {
			isa = PBXFrameworksBuildPhase;
			buildActionMask = 2147483647;
			files = (
			);
			runOnlyForDeploymentPostprocessing = 0;
		};
		234ABB211BE8290200FE196F /* Frameworks */ = {
			isa = PBXFrameworksBuildPhase;
			buildActionMask = 2147483647;
			files = (
			);
			runOnlyForDeploymentPostprocessing = 0;
		};
/* End PBXFrameworksBuildPhase section */

/* Begin PBXGroup section */
		234ABAF41BE8290200FE196F = {
			isa = PBXGroup;
			children = (
				234ABB361BE8296500FE196F /* Framework */,
				234ABB4E1BE8498B00FE196F /* Model */,
				234ABB491BE8493D00FE196F /* Controllers */,
				234ABB4A1BE8495200FE196F /* View */,
				234ABAFF1BE8290200FE196F /* PitchPlease */,
				234ABB1C1BE8290200FE196F /* PitchPleaseTests */,
				234ABB271BE8290200FE196F /* PitchPleaseUITests */,
				234ABAFE1BE8290200FE196F /* Products */,
			);
			sourceTree = "<group>";
		};
		234ABAFE1BE8290200FE196F /* Products */ = {
			isa = PBXGroup;
			children = (
				234ABAFD1BE8290200FE196F /* PitchPlease.app */,
				234ABB191BE8290200FE196F /* PitchPleaseTests.xctest */,
				234ABB241BE8290200FE196F /* PitchPleaseUITests.xctest */,
			);
			name = Products;
			sourceTree = "<group>";
		};
		234ABAFF1BE8290200FE196F /* PitchPlease */ = {
			isa = PBXGroup;
			children = (
				234ABB4F1BE84C8800FE196F /* Assets.xcassets */,
				234ABB031BE8290200FE196F /* AppDelegate.h */,
				234ABB041BE8290200FE196F /* AppDelegate.m */,
				234ABB141BE8290200FE196F /* Info.plist */,
				234ABB0C1BE8290200FE196F /* PitchPlease.xcdatamodeld */,
				234ABB001BE8290200FE196F /* Supporting Files */,
			);
			path = PitchPlease;
			sourceTree = "<group>";
		};
		234ABB001BE8290200FE196F /* Supporting Files */ = {
			isa = PBXGroup;
			children = (
				234ABB011BE8290200FE196F /* main.m */,
			);
			name = "Supporting Files";
			sourceTree = "<group>";
		};
		234ABB1C1BE8290200FE196F /* PitchPleaseTests */ = {
			isa = PBXGroup;
			children = (
				234ABB1D1BE8290200FE196F /* PitchPleaseTests.m */,
				234ABB1F1BE8290200FE196F /* Info.plist */,
			);
			path = PitchPleaseTests;
			sourceTree = "<group>";
		};
		234ABB271BE8290200FE196F /* PitchPleaseUITests */ = {
			isa = PBXGroup;
			children = (
				234ABB281BE8290200FE196F /* PitchPleaseUITests.m */,
				234ABB2A1BE8290200FE196F /* Info.plist */,
			);
			path = PitchPleaseUITests;
			sourceTree = "<group>";
		};
		234ABB361BE8296500FE196F /* Framework */ = {
			isa = PBXGroup;
			children = (
				234ABB391BE829E800FE196F /* AVFoundation.framework */,
				234ABB371BE829E000FE196F /* SystemConfiguration.framework */,
				234ABB3B1BE82A0B00FE196F /* Spotify.framework */,
			);
			name = Framework;
			sourceTree = "<group>";
		};
		234ABB491BE8493D00FE196F /* Controllers */ = {
			isa = PBXGroup;
			children = (
				234ABB061BE8290200FE196F /* ViewController.h */,
				234ABB071BE8290200FE196F /* ViewController.m */,
				234ABB401BE848E200FE196F /* SearchViewController.h */,
				234ABB411BE848E200FE196F /* SearchViewController.m */,
			);
			name = Controllers;
			path = PitchPlease;
			sourceTree = "<group>";
		};
		234ABB4A1BE8495200FE196F /* View */ = {
			isa = PBXGroup;
			children = (
				234ABB091BE8290200FE196F /* Main.storyboard */,
				234ABB111BE8290200FE196F /* LaunchScreen.storyboard */,
			);
			name = View;
			path = PitchPlease;
			sourceTree = "<group>";
		};
		234ABB4E1BE8498B00FE196F /* Model */ = {
			isa = PBXGroup;
			children = (
				234ABB4B1BE8497500FE196F /* Pitch.h */,
				234ABB4C1BE8497500FE196F /* Pitch.m */,
				234ABB3D1BE848B700FE196F /* SpotifyCollectionViewCell.h */,
				234ABB3E1BE848B700FE196F /* SpotifyCollectionViewCell.m */,
				234ABB431BE848FA00FE196F /* PitchTableViewCell.h */,
				234ABB441BE848FA00FE196F /* PitchTableViewCell.m */,
				234ABB461BE8490400FE196F /* SearchTableViewCell.h */,
				234ABB471BE8490400FE196F /* SearchTableViewCell.m */,
				234ABB511BE9277300FE196F /* PPCarouselCollectionViewLayout.h */,
				234ABB521BE9277300FE196F /* PPCarouselCollectionViewLayout.m */,
			);
			name = Model;
			path = PitchPlease;
			sourceTree = "<group>";
		};
/* End PBXGroup section */

/* Begin PBXNativeTarget section */
		234ABAFC1BE8290200FE196F /* PitchPlease */ = {
			isa = PBXNativeTarget;
			buildConfigurationList = 234ABB2D1BE8290200FE196F /* Build configuration list for PBXNativeTarget "PitchPlease" */;
			buildPhases = (
				234ABAF91BE8290200FE196F /* Sources */,
				234ABAFA1BE8290200FE196F /* Frameworks */,
				234ABAFB1BE8290200FE196F /* Resources */,
			);
			buildRules = (
			);
			dependencies = (
			);
			name = PitchPlease;
			productName = PitchPlease;
			productReference = 234ABAFD1BE8290200FE196F /* PitchPlease.app */;
			productType = "com.apple.product-type.application";
		};
		234ABB181BE8290200FE196F /* PitchPleaseTests */ = {
			isa = PBXNativeTarget;
			buildConfigurationList = 234ABB301BE8290200FE196F /* Build configuration list for PBXNativeTarget "PitchPleaseTests" */;
			buildPhases = (
				234ABB151BE8290200FE196F /* Sources */,
				234ABB161BE8290200FE196F /* Frameworks */,
				234ABB171BE8290200FE196F /* Resources */,
			);
			buildRules = (
			);
			dependencies = (
				234ABB1B1BE8290200FE196F /* PBXTargetDependency */,
			);
			name = PitchPleaseTests;
			productName = PitchPleaseTests;
			productReference = 234ABB191BE8290200FE196F /* PitchPleaseTests.xctest */;
			productType = "com.apple.product-type.bundle.unit-test";
		};
		234ABB231BE8290200FE196F /* PitchPleaseUITests */ = {
			isa = PBXNativeTarget;
			buildConfigurationList = 234ABB331BE8290200FE196F /* Build configuration list for PBXNativeTarget "PitchPleaseUITests" */;
			buildPhases = (
				234ABB201BE8290200FE196F /* Sources */,
				234ABB211BE8290200FE196F /* Frameworks */,
				234ABB221BE8290200FE196F /* Resources */,
			);
			buildRules = (
			);
			dependencies = (
				234ABB261BE8290200FE196F /* PBXTargetDependency */,
			);
			name = PitchPleaseUITests;
			productName = PitchPleaseUITests;
			productReference = 234ABB241BE8290200FE196F /* PitchPleaseUITests.xctest */;
			productType = "com.apple.product-type.bundle.ui-testing";
		};
/* End PBXNativeTarget section */

/* Begin PBXProject section */
		234ABAF51BE8290200FE196F /* Project object */ = {
			isa = PBXProject;
			attributes = {
				LastUpgradeCheck = 0700;
				ORGANIZATIONNAME = "Jake Castro";
				TargetAttributes = {
					234ABAFC1BE8290200FE196F = {
						CreatedOnToolsVersion = 7.0;
					};
					234ABB181BE8290200FE196F = {
						CreatedOnToolsVersion = 7.0;
						TestTargetID = 234ABAFC1BE8290200FE196F;
					};
					234ABB231BE8290200FE196F = {
						CreatedOnToolsVersion = 7.0;
						TestTargetID = 234ABAFC1BE8290200FE196F;
					};
				};
			};
			buildConfigurationList = 234ABAF81BE8290200FE196F /* Build configuration list for PBXProject "PitchPlease" */;
			compatibilityVersion = "Xcode 3.2";
			developmentRegion = English;
			hasScannedForEncodings = 0;
			knownRegions = (
				en,
				Base,
			);
			mainGroup = 234ABAF41BE8290200FE196F;
			productRefGroup = 234ABAFE1BE8290200FE196F /* Products */;
			projectDirPath = "";
			projectRoot = "";
			targets = (
				234ABAFC1BE8290200FE196F /* PitchPlease */,
				234ABB181BE8290200FE196F /* PitchPleaseTests */,
				234ABB231BE8290200FE196F /* PitchPleaseUITests */,
			);
		};
/* End PBXProject section */

/* Begin PBXResourcesBuildPhase section */
		234ABAFB1BE8290200FE196F /* Resources */ = {
			isa = PBXResourcesBuildPhase;
			buildActionMask = 2147483647;
			files = (
				234ABB131BE8290200FE196F /* LaunchScreen.storyboard in Resources */,
				234ABB501BE84C8800FE196F /* Assets.xcassets in Resources */,
				234ABB0B1BE8290200FE196F /* Main.storyboard in Resources */,
			);
			runOnlyForDeploymentPostprocessing = 0;
		};
		234ABB171BE8290200FE196F /* Resources */ = {
			isa = PBXResourcesBuildPhase;
			buildActionMask = 2147483647;
			files = (
			);
			runOnlyForDeploymentPostprocessing = 0;
		};
		234ABB221BE8290200FE196F /* Resources */ = {
			isa = PBXResourcesBuildPhase;
			buildActionMask = 2147483647;
			files = (
			);
			runOnlyForDeploymentPostprocessing = 0;
		};
/* End PBXResourcesBuildPhase section */

/* Begin PBXSourcesBuildPhase section */
		234ABAF91BE8290200FE196F /* Sources */ = {
			isa = PBXSourcesBuildPhase;
			buildActionMask = 2147483647;
			files = (
				234ABB4D1BE8497500FE196F /* Pitch.m in Sources */,
				234ABB081BE8290200FE196F /* ViewController.m in Sources */,
				234ABB481BE8490400FE196F /* SearchTableViewCell.m in Sources */,
				234ABB451BE848FA00FE196F /* PitchTableViewCell.m in Sources */,
				234ABB3F1BE848B700FE196F /* SpotifyCollectionViewCell.m in Sources */,
				234ABB051BE8290200FE196F /* AppDelegate.m in Sources */,
				234ABB0E1BE8290200FE196F /* PitchPlease.xcdatamodeld in Sources */,
				234ABB421BE848E200FE196F /* SearchViewController.m in Sources */,
				234ABB531BE9277300FE196F /* PPCarouselCollectionViewLayout.m in Sources */,
				234ABB021BE8290200FE196F /* main.m in Sources */,
			);
			runOnlyForDeploymentPostprocessing = 0;
		};
		234ABB151BE8290200FE196F /* Sources */ = {
			isa = PBXSourcesBuildPhase;
			buildActionMask = 2147483647;
			files = (
				234ABB1E1BE8290200FE196F /* PitchPleaseTests.m in Sources */,
			);
			runOnlyForDeploymentPostprocessing = 0;
		};
		234ABB201BE8290200FE196F /* Sources */ = {
			isa = PBXSourcesBuildPhase;
			buildActionMask = 2147483647;
			files = (
				234ABB291BE8290200FE196F /* PitchPleaseUITests.m in Sources */,
			);
			runOnlyForDeploymentPostprocessing = 0;
		};
/* End PBXSourcesBuildPhase section */

/* Begin PBXTargetDependency section */
		234ABB1B1BE8290200FE196F /* PBXTargetDependency */ = {
			isa = PBXTargetDependency;
			target = 234ABAFC1BE8290200FE196F /* PitchPlease */;
			targetProxy = 234ABB1A1BE8290200FE196F /* PBXContainerItemProxy */;
		};
		234ABB261BE8290200FE196F /* PBXTargetDependency */ = {
			isa = PBXTargetDependency;
			target = 234ABAFC1BE8290200FE196F /* PitchPlease */;
			targetProxy = 234ABB251BE8290200FE196F /* PBXContainerItemProxy */;
		};
/* End PBXTargetDependency section */

/* Begin PBXVariantGroup section */
		234ABB091BE8290200FE196F /* Main.storyboard */ = {
			isa = PBXVariantGroup;
			children = (
				234ABB0A1BE8290200FE196F /* Base */,
			);
			name = Main.storyboard;
			sourceTree = "<group>";
		};
		234ABB111BE8290200FE196F /* LaunchScreen.storyboard */ = {
			isa = PBXVariantGroup;
			children = (
				234ABB121BE8290200FE196F /* Base */,
			);
			name = LaunchScreen.storyboard;
			sourceTree = "<group>";
		};
/* End PBXVariantGroup section */

/* Begin XCBuildConfiguration section */
		234ABB2B1BE8290200FE196F /* Debug */ = {
			isa = XCBuildConfiguration;
			buildSettings = {
				ALWAYS_SEARCH_USER_PATHS = NO;
				CLANG_CXX_LANGUAGE_STANDARD = "gnu++0x";
				CLANG_CXX_LIBRARY = "libc++";
				CLANG_ENABLE_MODULES = YES;
				CLANG_ENABLE_OBJC_ARC = YES;
				CLANG_WARN_BOOL_CONVERSION = YES;
				CLANG_WARN_CONSTANT_CONVERSION = YES;
				CLANG_WARN_DIRECT_OBJC_ISA_USAGE = YES_ERROR;
				CLANG_WARN_EMPTY_BODY = YES;
				CLANG_WARN_ENUM_CONVERSION = YES;
				CLANG_WARN_INT_CONVERSION = YES;
				CLANG_WARN_OBJC_ROOT_CLASS = YES_ERROR;
				CLANG_WARN_UNREACHABLE_CODE = YES;
				CLANG_WARN__DUPLICATE_METHOD_MATCH = YES;
				"CODE_SIGN_IDENTITY[sdk=iphoneos*]" = "iPhone Developer";
				COPY_PHASE_STRIP = NO;
				DEBUG_INFORMATION_FORMAT = dwarf;
				ENABLE_STRICT_OBJC_MSGSEND = YES;
				ENABLE_TESTABILITY = YES;
				GCC_C_LANGUAGE_STANDARD = gnu99;
				GCC_DYNAMIC_NO_PIC = NO;
				GCC_NO_COMMON_BLOCKS = YES;
				GCC_OPTIMIZATION_LEVEL = 0;
				GCC_PREPROCESSOR_DEFINITIONS = (
					"DEBUG=1",
					"$(inherited)",
				);
				GCC_WARN_64_TO_32_BIT_CONVERSION = YES;
				GCC_WARN_ABOUT_RETURN_TYPE = YES_ERROR;
				GCC_WARN_UNDECLARED_SELECTOR = YES;
				GCC_WARN_UNINITIALIZED_AUTOS = YES_AGGRESSIVE;
				GCC_WARN_UNUSED_FUNCTION = YES;
				GCC_WARN_UNUSED_VARIABLE = YES;
				IPHONEOS_DEPLOYMENT_TARGET = 9.0;
				MTL_ENABLE_DEBUG_INFO = YES;
				ONLY_ACTIVE_ARCH = YES;
				SDKROOT = iphoneos;
				TARGETED_DEVICE_FAMILY = "1,2";
			};
			name = Debug;
		};
		234ABB2C1BE8290200FE196F /* Release */ = {
			isa = XCBuildConfiguration;
			buildSettings = {
				ALWAYS_SEARCH_USER_PATHS = NO;
				CLANG_CXX_LANGUAGE_STANDARD = "gnu++0x";
				CLANG_CXX_LIBRARY = "libc++";
				CLANG_ENABLE_MODULES = YES;
				CLANG_ENABLE_OBJC_ARC = YES;
				CLANG_WARN_BOOL_CONVERSION = YES;
				CLANG_WARN_CONSTANT_CONVERSION = YES;
				CLANG_WARN_DIRECT_OBJC_ISA_USAGE = YES_ERROR;
				CLANG_WARN_EMPTY_BODY = YES;
				CLANG_WARN_ENUM_CONVERSION = YES;
				CLANG_WARN_INT_CONVERSION = YES;
				CLANG_WARN_OBJC_ROOT_CLASS = YES_ERROR;
				CLANG_WARN_UNREACHABLE_CODE = YES;
				CLANG_WARN__DUPLICATE_METHOD_MATCH = YES;
				"CODE_SIGN_IDENTITY[sdk=iphoneos*]" = "iPhone Developer";
				COPY_PHASE_STRIP = NO;
				DEBUG_INFORMATION_FORMAT = "dwarf-with-dsym";
				ENABLE_NS_ASSERTIONS = NO;
				ENABLE_STRICT_OBJC_MSGSEND = YES;
				GCC_C_LANGUAGE_STANDARD = gnu99;
				GCC_NO_COMMON_BLOCKS = YES;
				GCC_WARN_64_TO_32_BIT_CONVERSION = YES;
				GCC_WARN_ABOUT_RETURN_TYPE = YES_ERROR;
				GCC_WARN_UNDECLARED_SELECTOR = YES;
				GCC_WARN_UNINITIALIZED_AUTOS = YES_AGGRESSIVE;
				GCC_WARN_UNUSED_FUNCTION = YES;
				GCC_WARN_UNUSED_VARIABLE = YES;
				IPHONEOS_DEPLOYMENT_TARGET = 9.0;
				MTL_ENABLE_DEBUG_INFO = NO;
				SDKROOT = iphoneos;
				TARGETED_DEVICE_FAMILY = "1,2";
				VALIDATE_PRODUCT = YES;
			};
			name = Release;
		};
		234ABB2E1BE8290200FE196F /* Debug */ = {
			isa = XCBuildConfiguration;
			buildSettings = {
				ASSETCATALOG_COMPILER_APPICON_NAME = AppIcon;
				FRAMEWORK_SEARCH_PATHS = (
					"$(inherited)",
					"$(PROJECT_DIR)",
				);
				INFOPLIST_FILE = PitchPlease/Info.plist;
				LD_RUNPATH_SEARCH_PATHS = "$(inherited) @executable_path/Frameworks";
				OTHER_LDFLAGS = "-ObjC";
				PRODUCT_BUNDLE_IDENTIFIER = Jake.PitchPlease;
				PRODUCT_NAME = "$(TARGET_NAME)";
			};
			name = Debug;
		};
		234ABB2F1BE8290200FE196F /* Release */ = {
			isa = XCBuildConfiguration;
			buildSettings = {
				ASSETCATALOG_COMPILER_APPICON_NAME = AppIcon;
				FRAMEWORK_SEARCH_PATHS = (
					"$(inherited)",
					"$(PROJECT_DIR)",
				);
				INFOPLIST_FILE = PitchPlease/Info.plist;
				LD_RUNPATH_SEARCH_PATHS = "$(inherited) @executable_path/Frameworks";
				OTHER_LDFLAGS = "-ObjC";
				PRODUCT_BUNDLE_IDENTIFIER = Jake.PitchPlease;
				PRODUCT_NAME = "$(TARGET_NAME)";
			};
			name = Release;
		};
		234ABB311BE8290200FE196F /* Debug */ = {
			isa = XCBuildConfiguration;
			buildSettings = {
				BUNDLE_LOADER = "$(TEST_HOST)";
				INFOPLIST_FILE = PitchPleaseTests/Info.plist;
				LD_RUNPATH_SEARCH_PATHS = "$(inherited) @executable_path/Frameworks @loader_path/Frameworks";
				PRODUCT_BUNDLE_IDENTIFIER = Jake.PitchPleaseTests;
				PRODUCT_NAME = "$(TARGET_NAME)";
				TEST_HOST = "$(BUILT_PRODUCTS_DIR)/PitchPlease.app/PitchPlease";
			};
			name = Debug;
		};
		234ABB321BE8290200FE196F /* Release */ = {
			isa = XCBuildConfiguration;
			buildSettings = {
				BUNDLE_LOADER = "$(TEST_HOST)";
				INFOPLIST_FILE = PitchPleaseTests/Info.plist;
				LD_RUNPATH_SEARCH_PATHS = "$(inherited) @executable_path/Frameworks @loader_path/Frameworks";
				PRODUCT_BUNDLE_IDENTIFIER = Jake.PitchPleaseTests;
				PRODUCT_NAME = "$(TARGET_NAME)";
				TEST_HOST = "$(BUILT_PRODUCTS_DIR)/PitchPlease.app/PitchPlease";
			};
			name = Release;
		};
		234ABB341BE8290200FE196F /* Debug */ = {
			isa = XCBuildConfiguration;
			buildSettings = {
				INFOPLIST_FILE = PitchPleaseUITests/Info.plist;
				LD_RUNPATH_SEARCH_PATHS = "$(inherited) @executable_path/Frameworks @loader_path/Frameworks";
				PRODUCT_BUNDLE_IDENTIFIER = Jake.PitchPleaseUITests;
				PRODUCT_NAME = "$(TARGET_NAME)";
				TEST_TARGET_NAME = PitchPlease;
				USES_XCTRUNNER = YES;
			};
			name = Debug;
		};
		234ABB351BE8290200FE196F /* Release */ = {
			isa = XCBuildConfiguration;
			buildSettings = {
				INFOPLIST_FILE = PitchPleaseUITests/Info.plist;
				LD_RUNPATH_SEARCH_PATHS = "$(inherited) @executable_path/Frameworks @loader_path/Frameworks";
				PRODUCT_BUNDLE_IDENTIFIER = Jake.PitchPleaseUITests;
				PRODUCT_NAME = "$(TARGET_NAME)";
				TEST_TARGET_NAME = PitchPlease;
				USES_XCTRUNNER = YES;
			};
			name = Release;
		};
/* End XCBuildConfiguration section */

/* Begin XCConfigurationList section */
		234ABAF81BE8290200FE196F /* Build configuration list for PBXProject "PitchPlease" */ = {
			isa = XCConfigurationList;
			buildConfigurations = (
				234ABB2B1BE8290200FE196F /* Debug */,
				234ABB2C1BE8290200FE196F /* Release */,
			);
			defaultConfigurationIsVisible = 0;
			defaultConfigurationName = Release;
		};
		234ABB2D1BE8290200FE196F /* Build configuration list for PBXNativeTarget "PitchPlease" */ = {
			isa = XCConfigurationList;
			buildConfigurations = (
				234ABB2E1BE8290200FE196F /* Debug */,
				234ABB2F1BE8290200FE196F /* Release */,
			);
			defaultConfigurationIsVisible = 0;
		};
		234ABB301BE8290200FE196F /* Build configuration list for PBXNativeTarget "PitchPleaseTests" */ = {
			isa = XCConfigurationList;
			buildConfigurations = (
				234ABB311BE8290200FE196F /* Debug */,
				234ABB321BE8290200FE196F /* Release */,
			);
			defaultConfigurationIsVisible = 0;
		};
		234ABB331BE8290200FE196F /* Build configuration list for PBXNativeTarget "PitchPleaseUITests" */ = {
			isa = XCConfigurationList;
			buildConfigurations = (
				234ABB341BE8290200FE196F /* Debug */,
				234ABB351BE8290200FE196F /* Release */,
			);
			defaultConfigurationIsVisible = 0;
		};
/* End XCConfigurationList section */

/* Begin XCVersionGroup section */
		234ABB0C1BE8290200FE196F /* PitchPlease.xcdatamodeld */ = {
			isa = XCVersionGroup;
			children = (
				234ABB0D1BE8290200FE196F /* PitchPlease.xcdatamodel */,
			);
			currentVersion = 234ABB0D1BE8290200FE196F /* PitchPlease.xcdatamodel */;
			path = PitchPlease.xcdatamodeld;
			sourceTree = "<group>";
			versionGroupType = wrapper.xcdatamodel;
		};
/* End XCVersionGroup section */
	};
	rootObject = 234ABAF51BE8290200FE196F /* Project object */;
}
